
Microsoft Visual Studio Solution File, Format Version 12.00
# Visual Studio Version 16
VisualStudioVersion = 16.0.31410.357
MinimumVisualStudioVersion = 10.0.40219.1
Project("{FAE04EC0-301F-11D3-BF4B-00C04F79EFBC}") = "PeekBaccaratCalculator", "PeekBaccaratCalculator\PeekBaccaratCalculator.csproj", "{DB839646-1CF0-4338-AF73-0B9EDFA72750}"
EndProject
Global
	GlobalSection(SolutionConfigurationPlatforms) = preSolution
		Debug|Any CPU = Debug|Any CPU
		Release|Any CPU = Release|Any CPU
	EndGlobalSection
	GlobalSection(ProjectConfigurationPlatforms) = postSolution
		{DB839646-1CF0-4338-AF73-0B9EDFA72750}.Debug|Any CPU.ActiveCfg = Debug|Any CPU
		{DB839646-1CF0-4338-AF73-0B9EDFA72750}.Debug|Any CPU.Build.0 = Debug|Any CPU
		{DB839646-1CF0-4338-AF73-0B9EDFA72750}.Release|Any CPU.ActiveCfg = Release|Any CPU
		{DB839646-1CF0-4338-AF73-0B9EDFA72750}.Release|Any CPU.Build.0 = Release|Any CPU
	EndGlobalSection
	GlobalSection(SolutionProperties) = preSolution
		HideSolutionNode = FALSE
	EndGlobalSection
	GlobalSection(ExtensibilityGlobals) = postSolution
		SolutionGuid = {F8169FB6-5087-4594-8954-A65BA35F1C9C}
	EndGlobalSection
EndGlobal
